
Microsoft Visual Studio Solution File, Format Version 12.00
# Visual Studio Version 17
VisualStudioVersion = 17.14.36429.23 d17.14
MinimumVisualStudioVersion = 10.0.40219.1
Project("{FAE04EC0-301F-11D3-BF4B-00C04F79EFBC}") = "player", "ConsoleApp3\player.csproj", "{792EAE6D-DDB4-456C-BA59-B3C027A12DB4}"
EndProject
Global
	GlobalSection(SolutionConfigurationPlatforms) = preSolution
		Debug|Any CPU = Debug|Any CPU
		Release|Any CPU = Release|Any CPU
	EndGlobalSection
	GlobalSection(ProjectConfigurationPlatforms) = postSolution
		{792EAE6D-DDB4-456C-BA59-B3C027A12DB4}.Debug|Any CPU.ActiveCfg = Debug|Any CPU
		{792EAE6D-DDB4-456C-BA59-B3C027A12DB4}.Debug|Any CPU.Build.0 = Debug|Any CPU
		{792EAE6D-DDB4-456C-BA59-B3C027A12DB4}.Release|Any CPU.ActiveCfg = Release|Any CPU
		{792EAE6D-DDB4-456C-BA59-B3C027A12DB4}.Release|Any CPU.Build.0 = Release|Any CPU
	EndGlobalSection
	GlobalSection(SolutionProperties) = preSolution
		HideSolutionNode = FALSE
	EndGlobalSection
	GlobalSection(ExtensibilityGlobals) = postSolution
		SolutionGuid = {983868C5-2496-416F-B713-97DFE60E545F}
	EndGlobalSection
EndGlobal
